<?xml version="1.0" encoding="utf-8"?>
<Project ToolsVersion="17.0" xmlns="http://schemas.microsoft.com/developer/msbuild/2003">
  <ItemGroup>
    <ClCompile Include="D:\programing\core_node\poly_apps\QtScrcpy\build_msvc_2022\QtScrcpy_autogen\mocs_compilation_Debug.cpp">
      <Filter>Source Files</Filter>
    </ClCompile>
    <ClCompile Include="D:\programing\core_node\poly_apps\QtScrcpy\QtScrcpy\fontawesome\iconhelper.cpp">
      <Filter>fontawesome</Filter>
    </ClCompile>
    <ClCompile Include="D:\programing\core_node\poly_apps\QtScrcpy\QtScrcpy\uibase\keepratiowidget.cpp">
      <Filter>uibase</Filter>
    </ClCompile>
    <ClCompile Include="D:\programing\core_node\poly_apps\QtScrcpy\QtScrcpy\uibase\magneticwidget.cpp">
      <Filter>uibase</Filter>
    </ClCompile>
    <ClCompile Include="D:\programing\core_node\poly_apps\QtScrcpy\QtScrcpy\ui\toolform.cpp">
      <Filter>ui</Filter>
    </ClCompile>
    <ClCompile Include="D:\programing\core_node\poly_apps\QtScrcpy\QtScrcpy\ui\videoform.cpp">
      <Filter>ui</Filter>
    </ClCompile>
    <ClCompile Include="D:\programing\core_node\poly_apps\QtScrcpy\QtScrcpy\ui\dialog.cpp">
      <Filter>ui</Filter>
    </ClCompile>
    <ClCompile Include="D:\programing\core_node\poly_apps\QtScrcpy\QtScrcpy\render\qyuvopenglwidget.cpp">
      <Filter>ui</Filter>
    </ClCompile>
    <ClCompile Include="D:\programing\core_node\poly_apps\QtScrcpy\QtScrcpy\util\config.cpp">
      <Filter>util</Filter>
    </ClCompile>
    <ClCompile Include="D:\programing\core_node\poly_apps\QtScrcpy\QtScrcpy\util\mousetap\mousetap.cpp">
      <Filter>util</Filter>
    </ClCompile>
    <ClCompile Include="D:\programing\core_node\poly_apps\QtScrcpy\QtScrcpy\util\mousetap\winmousetap.cpp">
      <Filter>util</Filter>
    </ClCompile>
    <ClCompile Include="D:\programing\core_node\poly_apps\QtScrcpy\QtScrcpy\util\winutils.cpp">
      <Filter>util</Filter>
    </ClCompile>
    <ClCompile Include="D:\programing\core_node\poly_apps\QtScrcpy\QtScrcpy\main.cpp">
      <Filter>Source Files</Filter>
    </ClCompile>
    <ClCompile Include="D:\programing\core_node\poly_apps\QtScrcpy\QtScrcpy\groupcontroller\groupcontroller.cpp">
      <Filter>groupcontroller</Filter>
    </ClCompile>
    <ClCompile Include="D:\programing\core_node\poly_apps\QtScrcpy\QtScrcpy\audio\audiooutput.cpp">
      <Filter>audio</Filter>
    </ClCompile>
    <ClCompile Include="D:\programing\core_node\poly_apps\QtScrcpy\build_msvc_2022\QtScrcpy_autogen\PNK5WDWK6L_Debug\qrc_res.cpp">
      <Filter>Source Files</Filter>
    </ClCompile>
    <ClCompile Include="D:\programing\core_node\poly_apps\QtScrcpy\build_msvc_2022\QtScrcpy_autogen\mocs_compilation_Release.cpp">
      <Filter>Source Files</Filter>
    </ClCompile>
    <ClCompile Include="D:\programing\core_node\poly_apps\QtScrcpy\build_msvc_2022\QtScrcpy_autogen\PNK5WDWK6L_Release\qrc_res.cpp">
      <Filter>Source Files</Filter>
    </ClCompile>
    <ClCompile Include="D:\programing\core_node\poly_apps\QtScrcpy\build_msvc_2022\QtScrcpy_autogen\mocs_compilation_MinSizeRel.cpp">
      <Filter>Source Files</Filter>
    </ClCompile>
    <ClCompile Include="D:\programing\core_node\poly_apps\QtScrcpy\build_msvc_2022\QtScrcpy_autogen\PNK5WDWK6L_MinSizeRel\qrc_res.cpp">
      <Filter>Source Files</Filter>
    </ClCompile>
    <ClCompile Include="D:\programing\core_node\poly_apps\QtScrcpy\build_msvc_2022\QtScrcpy_autogen\mocs_compilation_RelWithDebInfo.cpp">
      <Filter>Source Files</Filter>
    </ClCompile>
    <ClCompile Include="D:\programing\core_node\poly_apps\QtScrcpy\build_msvc_2022\QtScrcpy_autogen\PNK5WDWK6L_RelWithDebInfo\qrc_res.cpp">
      <Filter>Source Files</Filter>
    </ClCompile>
  </ItemGroup>
  <ItemGroup>
    <ClInclude Include="D:\programing\core_node\poly_apps\QtScrcpy\QtScrcpy\fontawesome\iconhelper.h">
      <Filter>fontawesome</Filter>
    </ClInclude>
    <ClInclude Include="D:\programing\core_node\poly_apps\QtScrcpy\QtScrcpy\uibase\keepratiowidget.h">
      <Filter>uibase</Filter>
    </ClInclude>
    <ClInclude Include="D:\programing\core_node\poly_apps\QtScrcpy\QtScrcpy\uibase\magneticwidget.h">
      <Filter>uibase</Filter>
    </ClInclude>
    <ClInclude Include="D:\programing\core_node\poly_apps\QtScrcpy\QtScrcpy\ui\toolform.h">
      <Filter>ui</Filter>
    </ClInclude>
    <ClInclude Include="D:\programing\core_node\poly_apps\QtScrcpy\QtScrcpy\ui\videoform.h">
      <Filter>ui</Filter>
    </ClInclude>
    <ClInclude Include="D:\programing\core_node\poly_apps\QtScrcpy\QtScrcpy\ui\dialog.h">
      <Filter>ui</Filter>
    </ClInclude>
    <ClInclude Include="D:\programing\core_node\poly_apps\QtScrcpy\QtScrcpy\render\qyuvopenglwidget.h">
      <Filter>ui</Filter>
    </ClInclude>
    <ClInclude Include="D:\programing\core_node\poly_apps\QtScrcpy\QtScrcpy\util\config.h">
      <Filter>util</Filter>
    </ClInclude>
    <ClInclude Include="D:\programing\core_node\poly_apps\QtScrcpy\QtScrcpy\util\mousetap\mousetap.h">
      <Filter>util</Filter>
    </ClInclude>
    <ClInclude Include="D:\programing\core_node\poly_apps\QtScrcpy\QtScrcpy\util\mousetap\winmousetap.h">
      <Filter>util</Filter>
    </ClInclude>
    <ClInclude Include="D:\programing\core_node\poly_apps\QtScrcpy\QtScrcpy\util\winutils.h">
      <Filter>util</Filter>
    </ClInclude>
    <ClInclude Include="D:\programing\core_node\poly_apps\QtScrcpy\QtScrcpy\groupcontroller\groupcontroller.h">
      <Filter>groupcontroller</Filter>
    </ClInclude>
    <ClInclude Include="D:\programing\core_node\poly_apps\QtScrcpy\QtScrcpy\audio\audiooutput.h">
      <Filter>audio</Filter>
    </ClInclude>
    <ClInclude Include="D:\programing\core_node\poly_apps\QtScrcpy\build_msvc_2022\QtScrcpy_autogen\include_Debug\ui\ui_toolform.h">
      <Filter>Header Files</Filter>
    </ClInclude>
    <ClInclude Include="D:\programing\core_node\poly_apps\QtScrcpy\build_msvc_2022\QtScrcpy_autogen\include_Debug\ui\ui_videoform.h">
      <Filter>Header Files</Filter>
    </ClInclude>
    <ClInclude Include="D:\programing\core_node\poly_apps\QtScrcpy\build_msvc_2022\QtScrcpy_autogen\include_Debug\ui\ui_dialog.h">
      <Filter>Header Files</Filter>
    </ClInclude>
    <ClInclude Include="D:\programing\core_node\poly_apps\QtScrcpy\build_msvc_2022\QtScrcpy_autogen\include_Release\ui\ui_toolform.h">
      <Filter>Header Files</Filter>
    </ClInclude>
    <ClInclude Include="D:\programing\core_node\poly_apps\QtScrcpy\build_msvc_2022\QtScrcpy_autogen\include_Release\ui\ui_videoform.h">
      <Filter>Header Files</Filter>
    </ClInclude>
    <ClInclude Include="D:\programing\core_node\poly_apps\QtScrcpy\build_msvc_2022\QtScrcpy_autogen\include_Release\ui\ui_dialog.h">
      <Filter>Header Files</Filter>
    </ClInclude>
    <ClInclude Include="D:\programing\core_node\poly_apps\QtScrcpy\build_msvc_2022\QtScrcpy_autogen\include_MinSizeRel\ui\ui_toolform.h">
      <Filter>Header Files</Filter>
    </ClInclude>
    <ClInclude Include="D:\programing\core_node\poly_apps\QtScrcpy\build_msvc_2022\QtScrcpy_autogen\include_MinSizeRel\ui\ui_videoform.h">
      <Filter>Header Files</Filter>
    </ClInclude>
    <ClInclude Include="D:\programing\core_node\poly_apps\QtScrcpy\build_msvc_2022\QtScrcpy_autogen\include_MinSizeRel\ui\ui_dialog.h">
      <Filter>Header Files</Filter>
    </ClInclude>
    <ClInclude Include="D:\programing\core_node\poly_apps\QtScrcpy\build_msvc_2022\QtScrcpy_autogen\include_RelWithDebInfo\ui\ui_toolform.h">
      <Filter>Header Files</Filter>
    </ClInclude>
    <ClInclude Include="D:\programing\core_node\poly_apps\QtScrcpy\build_msvc_2022\QtScrcpy_autogen\include_RelWithDebInfo\ui\ui_videoform.h">
      <Filter>Header Files</Filter>
    </ClInclude>
    <ClInclude Include="D:\programing\core_node\poly_apps\QtScrcpy\build_msvc_2022\QtScrcpy_autogen\include_RelWithDebInfo\ui\ui_dialog.h">
      <Filter>Header Files</Filter>
    </ClInclude>
  </ItemGroup>
  <ItemGroup>
    <CustomBuild Include="D:\programing\core_node\poly_apps\QtScrcpy\build_msvc_2022\CMakeFiles\02aa564d9f7926f4a9f5524b5dd02cf8\autouic_(CONFIG).stamp.rule">
      <Filter>CMake Rules</Filter>
    </CustomBuild>
    <CustomBuild Include="D:\programing\core_node\poly_apps\QtScrcpy\build_msvc_2022\CMakeFiles\95b82623ff3265e5efbc9a2b7f4663e8\qrc_res.cpp.rule">
      <Filter>CMake Rules</Filter>
    </CustomBuild>
    <CustomBuild Include="D:\programing\core_node\poly_apps\QtScrcpy\QtScrcpy\CMakeLists.txt" />
  </ItemGroup>
  <ItemGroup>
    <None Include="D:\programing\core_node\poly_apps\QtScrcpy\QtScrcpy\ui\toolform.ui">
      <Filter>ui</Filter>
    </None>
    <None Include="D:\programing\core_node\poly_apps\QtScrcpy\QtScrcpy\ui\videoform.ui">
      <Filter>ui</Filter>
    </None>
    <None Include="D:\programing\core_node\poly_apps\QtScrcpy\QtScrcpy\ui\dialog.ui">
      <Filter>ui</Filter>
    </None>
    <None Include="D:\programing\core_node\poly_apps\QtScrcpy\QtScrcpy\res\res.qrc" />
    <None Include="D:\programing\core_node\poly_apps\QtScrcpy\build_msvc_2022\QtScrcpy_autogen\autouic_Debug.stamp" />
    <None Include="D:\programing\core_node\poly_apps\QtScrcpy\build_msvc_2022\QtScrcpy_autogen\autouic_Release.stamp" />
    <None Include="D:\programing\core_node\poly_apps\QtScrcpy\build_msvc_2022\QtScrcpy_autogen\autouic_MinSizeRel.stamp" />
    <None Include="D:\programing\core_node\poly_apps\QtScrcpy\build_msvc_2022\QtScrcpy_autogen\autouic_RelWithDebInfo.stamp" />
  </ItemGroup>
  <ItemGroup>
    <ResourceCompile Include="D:\programing\core_node\poly_apps\QtScrcpy\QtScrcpy\res\QtScrcpy.rc">
      <Filter>Source Files</Filter>
    </ResourceCompile>
  </ItemGroup>
  <ItemGroup>
    <Filter Include="CMake Rules">
      <UniqueIdentifier>{AC7DD0F2-D011-39B0-A71F-237579788580}</UniqueIdentifier>
    </Filter>
    <Filter Include="Header Files">
      <UniqueIdentifier>{A96E1F5C-F5C3-31D2-A8C0-A9B73E54748E}</UniqueIdentifier>
    </Filter>
    <Filter Include="Source Files">
      <UniqueIdentifier>{B87F4B5F-0BED-36F9-B941-E591BEBCB43E}</UniqueIdentifier>
    </Filter>
    <Filter Include="audio">
      <UniqueIdentifier>{A118001D-E932-3E37-B424-8273B2CE16E2}</UniqueIdentifier>
    </Filter>
    <Filter Include="fontawesome">
      <UniqueIdentifier>{919852A5-586E-335E-9544-D9DA062359FF}</UniqueIdentifier>
    </Filter>
    <Filter Include="groupcontroller">
      <UniqueIdentifier>{931DA275-6579-30FA-A944-93D2B5D2FCE9}</UniqueIdentifier>
    </Filter>
    <Filter Include="ui">
      <UniqueIdentifier>{84EB198D-CBD8-337A-87E5-867692965C3C}</UniqueIdentifier>
    </Filter>
    <Filter Include="uibase">
      <UniqueIdentifier>{2F7923CD-EA4B-3AC9-8DD8-D812ABF8687E}</UniqueIdentifier>
    </Filter>
    <Filter Include="util">
      <UniqueIdentifier>{FDCABABA-9F4F-3933-8C97-3F4891160F04}</UniqueIdentifier>
    </Filter>
  </ItemGroup>
</Project>
